
Microsoft Visual Studio Solution File, Format Version 12.00
# Visual Studio 15
VisualStudioVersion = 15.0.27428.2015
MinimumVisualStudioVersion = 10.0.40219.1
Project("{8BC9CEB8-8B4A-11D0-8D11-00A0C91BC942}") = "repos", "repos\repos.vcxproj", "{7FAC1A27-71C6-4BB9-AC4B-782B7878BA1D}"
EndProject
Project("{8BC9CEB8-8B4A-11D0-8D11-00A0C91BC942}") = "GIT", "..\..\GIT\GIT\GIT.vcxproj", "{7A77991E-A290-4251-AE72-DA27011D594F}"
EndProject
Global
	GlobalSection(SolutionConfigurationPlatforms) = preSolution
		Debug|x64 = Debug|x64
		Debug|x86 = Debug|x86
		Release|x64 = Release|x64
		Release|x86 = Release|x86
	EndGlobalSection
	GlobalSection(ProjectConfigurationPlatforms) = postSolution
		{7FAC1A27-71C6-4BB9-AC4B-782B7878BA1D}.Debug|x64.ActiveCfg = Debug|x64
		{7FAC1A27-71C6-4BB9-AC4B-782B7878BA1D}.Debug|x64.Build.0 = Debug|x64
		{7FAC1A27-71C6-4BB9-AC4B-782B7878BA1D}.Debug|x86.ActiveCfg = Debug|Win32
		{7FAC1A27-71C6-4BB9-AC4B-782B7878BA1D}.Debug|x86.Build.0 = Debug|Win32
		{7FAC1A27-71C6-4BB9-AC4B-782B7878BA1D}.Release|x64.ActiveCfg = Release|x64
		{7FAC1A27-71C6-4BB9-AC4B-782B7878BA1D}.Release|x64.Build.0 = Release|x64
		{7FAC1A27-71C6-4BB9-AC4B-782B7878BA1D}.Release|x86.ActiveCfg = Release|Win32
		{7FAC1A27-71C6-4BB9-AC4B-782B7878BA1D}.Release|x86.Build.0 = Release|Win32
		{7A77991E-A290-4251-AE72-DA27011D594F}.Debug|x64.ActiveCfg = Debug|x64
		{7A77991E-A290-4251-AE72-DA27011D594F}.Debug|x64.Build.0 = Debug|x64
		{7A77991E-A290-4251-AE72-DA27011D594F}.Debug|x86.ActiveCfg = Debug|Win32
		{7A77991E-A290-4251-AE72-DA27011D594F}.Debug|x86.Build.0 = Debug|Win32
		{7A77991E-A290-4251-AE72-DA27011D594F}.Release|x64.ActiveCfg = Release|x64
		{7A77991E-A290-4251-AE72-DA27011D594F}.Release|x64.Build.0 = Release|x64
		{7A77991E-A290-4251-AE72-DA27011D594F}.Release|x86.ActiveCfg = Release|Win32
		{7A77991E-A290-4251-AE72-DA27011D594F}.Release|x86.Build.0 = Release|Win32
	EndGlobalSection
	GlobalSection(SolutionProperties) = preSolution
		HideSolutionNode = FALSE
	EndGlobalSection
	GlobalSection(ExtensibilityGlobals) = postSolution
		SolutionGuid = {7A9D0449-6883-441F-B93F-EC6C81D7011B}
	EndGlobalSection
EndGlobal
